
Microsoft Visual Studio Solution File, Format Version 12.00
# Visual Studio 14
VisualStudioVersion = 14.0.25420.1
MinimumVisualStudioVersion = 10.0.40219.1
Project("{FAE04EC0-301F-11D3-BF4B-00C04F79EFBC}") = "asyncClass", "asyncTest\asyncClass.csproj", "{C6A935A2-C0D8-4F18-945E-E18FE1E76AC9}"
EndProject
Project("{FAE04EC0-301F-11D3-BF4B-00C04F79EFBC}") = "asyncTest1", "asyncTest1\asyncTest1.csproj", "{FE9F8135-AAF1-4EB2-8237-9A7A4801D71A}"
EndProject
Project("{FAE04EC0-301F-11D3-BF4B-00C04F79EFBC}") = "regexTest", "regexTest\regexTest.csproj", "{11E08300-765E-4B0D-ADCF-22F3F8E5F18B}"
EndProject
Project("{FAE04EC0-301F-11D3-BF4B-00C04F79EFBC}") = "MVC_Ajax请求数据", "MVC_Ajax请求数据\MVC_Ajax请求数据.csproj", "{D552F143-59E8-4346-BA1F-4A04430A4444}"
EndProject
Global
	GlobalSection(SolutionConfigurationPlatforms) = preSolution
		Debug|Any CPU = Debug|Any CPU
		Release|Any CPU = Release|Any CPU
	EndGlobalSection
	GlobalSection(ProjectConfigurationPlatforms) = postSolution
		{C6A935A2-C0D8-4F18-945E-E18FE1E76AC9}.Debug|Any CPU.ActiveCfg = Debug|Any CPU
		{C6A935A2-C0D8-4F18-945E-E18FE1E76AC9}.Debug|Any CPU.Build.0 = Debug|Any CPU
		{C6A935A2-C0D8-4F18-945E-E18FE1E76AC9}.Release|Any CPU.ActiveCfg = Release|Any CPU
		{C6A935A2-C0D8-4F18-945E-E18FE1E76AC9}.Release|Any CPU.Build.0 = Release|Any CPU
		{FE9F8135-AAF1-4EB2-8237-9A7A4801D71A}.Debug|Any CPU.ActiveCfg = Debug|Any CPU
		{FE9F8135-AAF1-4EB2-8237-9A7A4801D71A}.Debug|Any CPU.Build.0 = Debug|Any CPU
		{FE9F8135-AAF1-4EB2-8237-9A7A4801D71A}.Release|Any CPU.ActiveCfg = Release|Any CPU
		{FE9F8135-AAF1-4EB2-8237-9A7A4801D71A}.Release|Any CPU.Build.0 = Release|Any CPU
		{11E08300-765E-4B0D-ADCF-22F3F8E5F18B}.Debug|Any CPU.ActiveCfg = Debug|Any CPU
		{11E08300-765E-4B0D-ADCF-22F3F8E5F18B}.Debug|Any CPU.Build.0 = Debug|Any CPU
		{11E08300-765E-4B0D-ADCF-22F3F8E5F18B}.Release|Any CPU.ActiveCfg = Release|Any CPU
		{11E08300-765E-4B0D-ADCF-22F3F8E5F18B}.Release|Any CPU.Build.0 = Release|Any CPU
		{D552F143-59E8-4346-BA1F-4A04430A4444}.Debug|Any CPU.ActiveCfg = Debug|Any CPU
		{D552F143-59E8-4346-BA1F-4A04430A4444}.Debug|Any CPU.Build.0 = Debug|Any CPU
		{D552F143-59E8-4346-BA1F-4A04430A4444}.Release|Any CPU.ActiveCfg = Release|Any CPU
		{D552F143-59E8-4346-BA1F-4A04430A4444}.Release|Any CPU.Build.0 = Release|Any CPU
	EndGlobalSection
	GlobalSection(SolutionProperties) = preSolution
		HideSolutionNode = FALSE
	EndGlobalSection
EndGlobal
