
Microsoft Visual Studio Solution File, Format Version 12.00
# Visual Studio 14
VisualStudioVersion = 14.0.25420.1
MinimumVisualStudioVersion = 10.0.40219.1
Project("{FAE04EC0-301F-11D3-BF4B-00C04F79EFBC}") = "asyncClass", "asyncTest\asyncClass.csproj", "{C6A935A2-C0D8-4F18-945E-E18FE1E76AC9}"
EndProject
Project("{FAE04EC0-301F-11D3-BF4B-00C04F79EFBC}") = "asyncTest1", "asyncTest1\asyncTest1.csproj", "{FE9F8135-AAF1-4EB2-8237-9A7A4801D71A}"
EndProject
Project("{FAE04EC0-301F-11D3-BF4B-00C04F79EFBC}") = "regexTest", "regexTest\regexTest.csproj", "{11E08300-765E-4B0D-ADCF-22F3F8E5F18B}"
EndProject
Project("{FAE04EC0-301F-11D3-BF4B-00C04F79EFBC}") = "MVC_Ajax请求数据", "MVC_Ajax请求数据\MVC_Ajax请求数据.csproj", "{D552F143-59E8-4346-BA1F-4A04430A4444}"
EndProject
Project("{FAE04EC0-301F-11D3-BF4B-00C04F79EFBC}") = "同异步时间比较", "同异步时间比较\同异步时间比较.csproj", "{79FD7AF3-DF1C-4868-9F71-1F1D2A69FE43}"
EndProject
Project("{FAE04EC0-301F-11D3-BF4B-00C04F79EFBC}") = "sweetalertDemo", "WebApplication1\sweetalertDemo.csproj", "{ED93780D-97F3-4621-AB2A-0DDDE9E8F80A}"
EndProject
Project("{FAE04EC0-301F-11D3-BF4B-00C04F79EFBC}") = "redis", "redis\redis.csproj", "{EC9C5D38-B221-4EFE-8191-B476EC0CB705}"
EndProject
Project("{FAE04EC0-301F-11D3-BF4B-00C04F79EFBC}") = "drag", "drag\drag.csproj", "{E14F294A-C857-4E73-B578-1A3F22AF6C7D}"
EndProject
Project("{FAE04EC0-301F-11D3-BF4B-00C04F79EFBC}") = "webbrowserDemo", "webbrowserDemo\webbrowserDemo.csproj", "{56EBF325-55B1-4967-A5BB-FC1C9AA6B5A0}"
EndProject
Project("{FAE04EC0-301F-11D3-BF4B-00C04F79EFBC}") = "uploadFileNpoi", "uploadFileNpoi\uploadFileNpoi.csproj", "{C1D111BA-DE45-42C4-B7B4-CCD477AC2D98}"
EndProject
Project("{FAE04EC0-301F-11D3-BF4B-00C04F79EFBC}") = "IO", "IO\IO.csproj", "{AE9F22B8-5F42-42FB-9476-5B910EE66786}"
EndProject
Project("{FAE04EC0-301F-11D3-BF4B-00C04F79EFBC}") = "debugDLL", "debugDLL\debugDLL.csproj", "{F743B38F-9236-4BA3-94A7-4999B54B605F}"
EndProject
Project("{FAE04EC0-301F-11D3-BF4B-00C04F79EFBC}") = "dllDebug", "dllDebug\dllDebug.csproj", "{4F396D3D-2E1E-415D-983B-1468167FD48F}"
EndProject
Project("{8BC9CEB8-8B4A-11D0-8D11-00A0C91BC942}") = "CSharpInvokeCPP", "CSharpInvokeCPP\CSharpInvokeCPP.vcxproj", "{E18F76FF-9D95-451C-B8AF-3503FAF9D912}"
EndProject
Project("{FAE04EC0-301F-11D3-BF4B-00C04F79EFBC}") = "json.net", "json.net\json.net.csproj", "{824C9C13-5C53-42CB-B29D-850D181090FB}"
EndProject
Project("{FAE04EC0-301F-11D3-BF4B-00C04F79EFBC}") = "AngularJS", "AngularJS\AngularJS.csproj", "{F42861B6-39B8-4017-8E83-4DCD334E5351}"
EndProject
Project("{FAE04EC0-301F-11D3-BF4B-00C04F79EFBC}") = "npoi", "npoi\npoi.csproj", "{0EB1A426-2C9F-432B-BF3D-966D3F31BD99}"
EndProject
Project("{FAE04EC0-301F-11D3-BF4B-00C04F79EFBC}") = "npoiWeb", "npoiWeb\npoiWeb.csproj", "{F00A7221-B247-46EF-A3D2-50A86CFFF10E}"
EndProject
Project("{FAE04EC0-301F-11D3-BF4B-00C04F79EFBC}") = "taskTest", "taskTest\taskTest.csproj", "{4AAFD4D4-85A1-4004-AEB1-FD85FF3B1651}"
EndProject
Global
	GlobalSection(SolutionConfigurationPlatforms) = preSolution
		Debug|Any CPU = Debug|Any CPU
		Debug|x64 = Debug|x64
		Debug|x86 = Debug|x86
		Release|Any CPU = Release|Any CPU
		Release|x64 = Release|x64
		Release|x86 = Release|x86
	EndGlobalSection
	GlobalSection(ProjectConfigurationPlatforms) = postSolution
		{C6A935A2-C0D8-4F18-945E-E18FE1E76AC9}.Debug|Any CPU.ActiveCfg = Debug|Any CPU
		{C6A935A2-C0D8-4F18-945E-E18FE1E76AC9}.Debug|Any CPU.Build.0 = Debug|Any CPU
		{C6A935A2-C0D8-4F18-945E-E18FE1E76AC9}.Debug|x64.ActiveCfg = Debug|Any CPU
		{C6A935A2-C0D8-4F18-945E-E18FE1E76AC9}.Debug|x64.Build.0 = Debug|Any CPU
		{C6A935A2-C0D8-4F18-945E-E18FE1E76AC9}.Debug|x86.ActiveCfg = Debug|Any CPU
		{C6A935A2-C0D8-4F18-945E-E18FE1E76AC9}.Debug|x86.Build.0 = Debug|Any CPU
		{C6A935A2-C0D8-4F18-945E-E18FE1E76AC9}.Release|Any CPU.ActiveCfg = Release|Any CPU
		{C6A935A2-C0D8-4F18-945E-E18FE1E76AC9}.Release|Any CPU.Build.0 = Release|Any CPU
		{C6A935A2-C0D8-4F18-945E-E18FE1E76AC9}.Release|x64.ActiveCfg = Release|Any CPU
		{C6A935A2-C0D8-4F18-945E-E18FE1E76AC9}.Release|x64.Build.0 = Release|Any CPU
		{C6A935A2-C0D8-4F18-945E-E18FE1E76AC9}.Release|x86.ActiveCfg = Release|Any CPU
		{C6A935A2-C0D8-4F18-945E-E18FE1E76AC9}.Release|x86.Build.0 = Release|Any CPU
		{FE9F8135-AAF1-4EB2-8237-9A7A4801D71A}.Debug|Any CPU.ActiveCfg = Debug|Any CPU
		{FE9F8135-AAF1-4EB2-8237-9A7A4801D71A}.Debug|Any CPU.Build.0 = Debug|Any CPU
		{FE9F8135-AAF1-4EB2-8237-9A7A4801D71A}.Debug|x64.ActiveCfg = Debug|Any CPU
		{FE9F8135-AAF1-4EB2-8237-9A7A4801D71A}.Debug|x64.Build.0 = Debug|Any CPU
		{FE9F8135-AAF1-4EB2-8237-9A7A4801D71A}.Debug|x86.ActiveCfg = Debug|Any CPU
		{FE9F8135-AAF1-4EB2-8237-9A7A4801D71A}.Debug|x86.Build.0 = Debug|Any CPU
		{FE9F8135-AAF1-4EB2-8237-9A7A4801D71A}.Release|Any CPU.ActiveCfg = Release|Any CPU
		{FE9F8135-AAF1-4EB2-8237-9A7A4801D71A}.Release|Any CPU.Build.0 = Release|Any CPU
		{FE9F8135-AAF1-4EB2-8237-9A7A4801D71A}.Release|x64.ActiveCfg = Release|Any CPU
		{FE9F8135-AAF1-4EB2-8237-9A7A4801D71A}.Release|x64.Build.0 = Release|Any CPU
		{FE9F8135-AAF1-4EB2-8237-9A7A4801D71A}.Release|x86.ActiveCfg = Release|Any CPU
		{FE9F8135-AAF1-4EB2-8237-9A7A4801D71A}.Release|x86.Build.0 = Release|Any CPU
		{11E08300-765E-4B0D-ADCF-22F3F8E5F18B}.Debug|Any CPU.ActiveCfg = Debug|Any CPU
		{11E08300-765E-4B0D-ADCF-22F3F8E5F18B}.Debug|Any CPU.Build.0 = Debug|Any CPU
		{11E08300-765E-4B0D-ADCF-22F3F8E5F18B}.Debug|x64.ActiveCfg = Debug|Any CPU
		{11E08300-765E-4B0D-ADCF-22F3F8E5F18B}.Debug|x64.Build.0 = Debug|Any CPU
		{11E08300-765E-4B0D-ADCF-22F3F8E5F18B}.Debug|x86.ActiveCfg = Debug|Any CPU
		{11E08300-765E-4B0D-ADCF-22F3F8E5F18B}.Debug|x86.Build.0 = Debug|Any CPU
		{11E08300-765E-4B0D-ADCF-22F3F8E5F18B}.Release|Any CPU.ActiveCfg = Release|Any CPU
		{11E08300-765E-4B0D-ADCF-22F3F8E5F18B}.Release|Any CPU.Build.0 = Release|Any CPU
		{11E08300-765E-4B0D-ADCF-22F3F8E5F18B}.Release|x64.ActiveCfg = Release|Any CPU
		{11E08300-765E-4B0D-ADCF-22F3F8E5F18B}.Release|x64.Build.0 = Release|Any CPU
		{11E08300-765E-4B0D-ADCF-22F3F8E5F18B}.Release|x86.ActiveCfg = Release|Any CPU
		{11E08300-765E-4B0D-ADCF-22F3F8E5F18B}.Release|x86.Build.0 = Release|Any CPU
		{D552F143-59E8-4346-BA1F-4A04430A4444}.Debug|Any CPU.ActiveCfg = Debug|Any CPU
		{D552F143-59E8-4346-BA1F-4A04430A4444}.Debug|Any CPU.Build.0 = Debug|Any CPU
		{D552F143-59E8-4346-BA1F-4A04430A4444}.Debug|x64.ActiveCfg = Debug|Any CPU
		{D552F143-59E8-4346-BA1F-4A04430A4444}.Debug|x64.Build.0 = Debug|Any CPU
		{D552F143-59E8-4346-BA1F-4A04430A4444}.Debug|x86.ActiveCfg = Debug|Any CPU
		{D552F143-59E8-4346-BA1F-4A04430A4444}.Debug|x86.Build.0 = Debug|Any CPU
		{D552F143-59E8-4346-BA1F-4A04430A4444}.Release|Any CPU.ActiveCfg = Release|Any CPU
		{D552F143-59E8-4346-BA1F-4A04430A4444}.Release|Any CPU.Build.0 = Release|Any CPU
		{D552F143-59E8-4346-BA1F-4A04430A4444}.Release|x64.ActiveCfg = Release|Any CPU
		{D552F143-59E8-4346-BA1F-4A04430A4444}.Release|x64.Build.0 = Release|Any CPU
		{D552F143-59E8-4346-BA1F-4A04430A4444}.Release|x86.ActiveCfg = Release|Any CPU
		{D552F143-59E8-4346-BA1F-4A04430A4444}.Release|x86.Build.0 = Release|Any CPU
		{79FD7AF3-DF1C-4868-9F71-1F1D2A69FE43}.Debug|Any CPU.ActiveCfg = Debug|Any CPU
		{79FD7AF3-DF1C-4868-9F71-1F1D2A69FE43}.Debug|Any CPU.Build.0 = Debug|Any CPU
		{79FD7AF3-DF1C-4868-9F71-1F1D2A69FE43}.Debug|x64.ActiveCfg = Debug|Any CPU
		{79FD7AF3-DF1C-4868-9F71-1F1D2A69FE43}.Debug|x64.Build.0 = Debug|Any CPU
		{79FD7AF3-DF1C-4868-9F71-1F1D2A69FE43}.Debug|x86.ActiveCfg = Debug|Any CPU
		{79FD7AF3-DF1C-4868-9F71-1F1D2A69FE43}.Debug|x86.Build.0 = Debug|Any CPU
		{79FD7AF3-DF1C-4868-9F71-1F1D2A69FE43}.Release|Any CPU.ActiveCfg = Release|Any CPU
		{79FD7AF3-DF1C-4868-9F71-1F1D2A69FE43}.Release|Any CPU.Build.0 = Release|Any CPU
		{79FD7AF3-DF1C-4868-9F71-1F1D2A69FE43}.Release|x64.ActiveCfg = Release|Any CPU
		{79FD7AF3-DF1C-4868-9F71-1F1D2A69FE43}.Release|x64.Build.0 = Release|Any CPU
		{79FD7AF3-DF1C-4868-9F71-1F1D2A69FE43}.Release|x86.ActiveCfg = Release|Any CPU
		{79FD7AF3-DF1C-4868-9F71-1F1D2A69FE43}.Release|x86.Build.0 = Release|Any CPU
		{ED93780D-97F3-4621-AB2A-0DDDE9E8F80A}.Debug|Any CPU.ActiveCfg = Debug|Any CPU
		{ED93780D-97F3-4621-AB2A-0DDDE9E8F80A}.Debug|Any CPU.Build.0 = Debug|Any CPU
		{ED93780D-97F3-4621-AB2A-0DDDE9E8F80A}.Debug|x64.ActiveCfg = Debug|Any CPU
		{ED93780D-97F3-4621-AB2A-0DDDE9E8F80A}.Debug|x64.Build.0 = Debug|Any CPU
		{ED93780D-97F3-4621-AB2A-0DDDE9E8F80A}.Debug|x86.ActiveCfg = Debug|Any CPU
		{ED93780D-97F3-4621-AB2A-0DDDE9E8F80A}.Debug|x86.Build.0 = Debug|Any CPU
		{ED93780D-97F3-4621-AB2A-0DDDE9E8F80A}.Release|Any CPU.ActiveCfg = Release|Any CPU
		{ED93780D-97F3-4621-AB2A-0DDDE9E8F80A}.Release|Any CPU.Build.0 = Release|Any CPU
		{ED93780D-97F3-4621-AB2A-0DDDE9E8F80A}.Release|x64.ActiveCfg = Release|Any CPU
		{ED93780D-97F3-4621-AB2A-0DDDE9E8F80A}.Release|x64.Build.0 = Release|Any CPU
		{ED93780D-97F3-4621-AB2A-0DDDE9E8F80A}.Release|x86.ActiveCfg = Release|Any CPU
		{ED93780D-97F3-4621-AB2A-0DDDE9E8F80A}.Release|x86.Build.0 = Release|Any CPU
		{EC9C5D38-B221-4EFE-8191-B476EC0CB705}.Debug|Any CPU.ActiveCfg = Debug|Any CPU
		{EC9C5D38-B221-4EFE-8191-B476EC0CB705}.Debug|Any CPU.Build.0 = Debug|Any CPU
		{EC9C5D38-B221-4EFE-8191-B476EC0CB705}.Debug|x64.ActiveCfg = Debug|Any CPU
		{EC9C5D38-B221-4EFE-8191-B476EC0CB705}.Debug|x64.Build.0 = Debug|Any CPU
		{EC9C5D38-B221-4EFE-8191-B476EC0CB705}.Debug|x86.ActiveCfg = Debug|Any CPU
		{EC9C5D38-B221-4EFE-8191-B476EC0CB705}.Debug|x86.Build.0 = Debug|Any CPU
		{EC9C5D38-B221-4EFE-8191-B476EC0CB705}.Release|Any CPU.ActiveCfg = Release|Any CPU
		{EC9C5D38-B221-4EFE-8191-B476EC0CB705}.Release|Any CPU.Build.0 = Release|Any CPU
		{EC9C5D38-B221-4EFE-8191-B476EC0CB705}.Release|x64.ActiveCfg = Release|Any CPU
		{EC9C5D38-B221-4EFE-8191-B476EC0CB705}.Release|x64.Build.0 = Release|Any CPU
		{EC9C5D38-B221-4EFE-8191-B476EC0CB705}.Release|x86.ActiveCfg = Release|Any CPU
		{EC9C5D38-B221-4EFE-8191-B476EC0CB705}.Release|x86.Build.0 = Release|Any CPU
		{E14F294A-C857-4E73-B578-1A3F22AF6C7D}.Debug|Any CPU.ActiveCfg = Debug|Any CPU
		{E14F294A-C857-4E73-B578-1A3F22AF6C7D}.Debug|Any CPU.Build.0 = Debug|Any CPU
		{E14F294A-C857-4E73-B578-1A3F22AF6C7D}.Debug|x64.ActiveCfg = Debug|Any CPU
		{E14F294A-C857-4E73-B578-1A3F22AF6C7D}.Debug|x64.Build.0 = Debug|Any CPU
		{E14F294A-C857-4E73-B578-1A3F22AF6C7D}.Debug|x86.ActiveCfg = Debug|Any CPU
		{E14F294A-C857-4E73-B578-1A3F22AF6C7D}.Debug|x86.Build.0 = Debug|Any CPU
		{E14F294A-C857-4E73-B578-1A3F22AF6C7D}.Release|Any CPU.ActiveCfg = Release|Any CPU
		{E14F294A-C857-4E73-B578-1A3F22AF6C7D}.Release|Any CPU.Build.0 = Release|Any CPU
		{E14F294A-C857-4E73-B578-1A3F22AF6C7D}.Release|x64.ActiveCfg = Release|Any CPU
		{E14F294A-C857-4E73-B578-1A3F22AF6C7D}.Release|x64.Build.0 = Release|Any CPU
		{E14F294A-C857-4E73-B578-1A3F22AF6C7D}.Release|x86.ActiveCfg = Release|Any CPU
		{E14F294A-C857-4E73-B578-1A3F22AF6C7D}.Release|x86.Build.0 = Release|Any CPU
		{56EBF325-55B1-4967-A5BB-FC1C9AA6B5A0}.Debug|Any CPU.ActiveCfg = Debug|Any CPU
		{56EBF325-55B1-4967-A5BB-FC1C9AA6B5A0}.Debug|Any CPU.Build.0 = Debug|Any CPU
		{56EBF325-55B1-4967-A5BB-FC1C9AA6B5A0}.Debug|x64.ActiveCfg = Debug|Any CPU
		{56EBF325-55B1-4967-A5BB-FC1C9AA6B5A0}.Debug|x64.Build.0 = Debug|Any CPU
		{56EBF325-55B1-4967-A5BB-FC1C9AA6B5A0}.Debug|x86.ActiveCfg = Debug|Any CPU
		{56EBF325-55B1-4967-A5BB-FC1C9AA6B5A0}.Debug|x86.Build.0 = Debug|Any CPU
		{56EBF325-55B1-4967-A5BB-FC1C9AA6B5A0}.Release|Any CPU.ActiveCfg = Release|Any CPU
		{56EBF325-55B1-4967-A5BB-FC1C9AA6B5A0}.Release|Any CPU.Build.0 = Release|Any CPU
		{56EBF325-55B1-4967-A5BB-FC1C9AA6B5A0}.Release|x64.ActiveCfg = Release|Any CPU
		{56EBF325-55B1-4967-A5BB-FC1C9AA6B5A0}.Release|x64.Build.0 = Release|Any CPU
		{56EBF325-55B1-4967-A5BB-FC1C9AA6B5A0}.Release|x86.ActiveCfg = Release|Any CPU
		{56EBF325-55B1-4967-A5BB-FC1C9AA6B5A0}.Release|x86.Build.0 = Release|Any CPU
		{C1D111BA-DE45-42C4-B7B4-CCD477AC2D98}.Debug|Any CPU.ActiveCfg = Debug|Any CPU
		{C1D111BA-DE45-42C4-B7B4-CCD477AC2D98}.Debug|Any CPU.Build.0 = Debug|Any CPU
		{C1D111BA-DE45-42C4-B7B4-CCD477AC2D98}.Debug|x64.ActiveCfg = Debug|Any CPU
		{C1D111BA-DE45-42C4-B7B4-CCD477AC2D98}.Debug|x64.Build.0 = Debug|Any CPU
		{C1D111BA-DE45-42C4-B7B4-CCD477AC2D98}.Debug|x86.ActiveCfg = Debug|Any CPU
		{C1D111BA-DE45-42C4-B7B4-CCD477AC2D98}.Debug|x86.Build.0 = Debug|Any CPU
		{C1D111BA-DE45-42C4-B7B4-CCD477AC2D98}.Release|Any CPU.ActiveCfg = Release|Any CPU
		{C1D111BA-DE45-42C4-B7B4-CCD477AC2D98}.Release|Any CPU.Build.0 = Release|Any CPU
		{C1D111BA-DE45-42C4-B7B4-CCD477AC2D98}.Release|x64.ActiveCfg = Release|Any CPU
		{C1D111BA-DE45-42C4-B7B4-CCD477AC2D98}.Release|x64.Build.0 = Release|Any CPU
		{C1D111BA-DE45-42C4-B7B4-CCD477AC2D98}.Release|x86.ActiveCfg = Release|Any CPU
		{C1D111BA-DE45-42C4-B7B4-CCD477AC2D98}.Release|x86.Build.0 = Release|Any CPU
		{AE9F22B8-5F42-42FB-9476-5B910EE66786}.Debug|Any CPU.ActiveCfg = Debug|Any CPU
		{AE9F22B8-5F42-42FB-9476-5B910EE66786}.Debug|Any CPU.Build.0 = Debug|Any CPU
		{AE9F22B8-5F42-42FB-9476-5B910EE66786}.Debug|x64.ActiveCfg = Debug|Any CPU
		{AE9F22B8-5F42-42FB-9476-5B910EE66786}.Debug|x64.Build.0 = Debug|Any CPU
		{AE9F22B8-5F42-42FB-9476-5B910EE66786}.Debug|x86.ActiveCfg = Debug|Any CPU
		{AE9F22B8-5F42-42FB-9476-5B910EE66786}.Debug|x86.Build.0 = Debug|Any CPU
		{AE9F22B8-5F42-42FB-9476-5B910EE66786}.Release|Any CPU.ActiveCfg = Release|Any CPU
		{AE9F22B8-5F42-42FB-9476-5B910EE66786}.Release|Any CPU.Build.0 = Release|Any CPU
		{AE9F22B8-5F42-42FB-9476-5B910EE66786}.Release|x64.ActiveCfg = Release|Any CPU
		{AE9F22B8-5F42-42FB-9476-5B910EE66786}.Release|x64.Build.0 = Release|Any CPU
		{AE9F22B8-5F42-42FB-9476-5B910EE66786}.Release|x86.ActiveCfg = Release|Any CPU
		{AE9F22B8-5F42-42FB-9476-5B910EE66786}.Release|x86.Build.0 = Release|Any CPU
		{F743B38F-9236-4BA3-94A7-4999B54B605F}.Debug|Any CPU.ActiveCfg = Debug|Any CPU
		{F743B38F-9236-4BA3-94A7-4999B54B605F}.Debug|Any CPU.Build.0 = Debug|Any CPU
		{F743B38F-9236-4BA3-94A7-4999B54B605F}.Debug|x64.ActiveCfg = Debug|Any CPU
		{F743B38F-9236-4BA3-94A7-4999B54B605F}.Debug|x64.Build.0 = Debug|Any CPU
		{F743B38F-9236-4BA3-94A7-4999B54B605F}.Debug|x86.ActiveCfg = Debug|x86
		{F743B38F-9236-4BA3-94A7-4999B54B605F}.Debug|x86.Build.0 = Debug|x86
		{F743B38F-9236-4BA3-94A7-4999B54B605F}.Release|Any CPU.ActiveCfg = Release|Any CPU
		{F743B38F-9236-4BA3-94A7-4999B54B605F}.Release|Any CPU.Build.0 = Release|Any CPU
		{F743B38F-9236-4BA3-94A7-4999B54B605F}.Release|x64.ActiveCfg = Release|Any CPU
		{F743B38F-9236-4BA3-94A7-4999B54B605F}.Release|x64.Build.0 = Release|Any CPU
		{F743B38F-9236-4BA3-94A7-4999B54B605F}.Release|x86.ActiveCfg = Release|x86
		{F743B38F-9236-4BA3-94A7-4999B54B605F}.Release|x86.Build.0 = Release|x86
		{4F396D3D-2E1E-415D-983B-1468167FD48F}.Debug|Any CPU.ActiveCfg = Debug|Any CPU
		{4F396D3D-2E1E-415D-983B-1468167FD48F}.Debug|Any CPU.Build.0 = Debug|Any CPU
		{4F396D3D-2E1E-415D-983B-1468167FD48F}.Debug|x64.ActiveCfg = Debug|Any CPU
		{4F396D3D-2E1E-415D-983B-1468167FD48F}.Debug|x64.Build.0 = Debug|Any CPU
		{4F396D3D-2E1E-415D-983B-1468167FD48F}.Debug|x86.ActiveCfg = Debug|Any CPU
		{4F396D3D-2E1E-415D-983B-1468167FD48F}.Debug|x86.Build.0 = Debug|Any CPU
		{4F396D3D-2E1E-415D-983B-1468167FD48F}.Release|Any CPU.ActiveCfg = Release|Any CPU
		{4F396D3D-2E1E-415D-983B-1468167FD48F}.Release|Any CPU.Build.0 = Release|Any CPU
		{4F396D3D-2E1E-415D-983B-1468167FD48F}.Release|x64.ActiveCfg = Release|Any CPU
		{4F396D3D-2E1E-415D-983B-1468167FD48F}.Release|x64.Build.0 = Release|Any CPU
		{4F396D3D-2E1E-415D-983B-1468167FD48F}.Release|x86.ActiveCfg = Release|Any CPU
		{4F396D3D-2E1E-415D-983B-1468167FD48F}.Release|x86.Build.0 = Release|Any CPU
		{E18F76FF-9D95-451C-B8AF-3503FAF9D912}.Debug|Any CPU.ActiveCfg = Debug|Win32
		{E18F76FF-9D95-451C-B8AF-3503FAF9D912}.Debug|x64.ActiveCfg = Debug|x64
		{E18F76FF-9D95-451C-B8AF-3503FAF9D912}.Debug|x64.Build.0 = Debug|x64
		{E18F76FF-9D95-451C-B8AF-3503FAF9D912}.Debug|x86.ActiveCfg = Debug|Win32
		{E18F76FF-9D95-451C-B8AF-3503FAF9D912}.Debug|x86.Build.0 = Debug|Win32
		{E18F76FF-9D95-451C-B8AF-3503FAF9D912}.Release|Any CPU.ActiveCfg = Release|Win32
		{E18F76FF-9D95-451C-B8AF-3503FAF9D912}.Release|x64.ActiveCfg = Release|x64
		{E18F76FF-9D95-451C-B8AF-3503FAF9D912}.Release|x64.Build.0 = Release|x64
		{E18F76FF-9D95-451C-B8AF-3503FAF9D912}.Release|x86.ActiveCfg = Release|Win32
		{E18F76FF-9D95-451C-B8AF-3503FAF9D912}.Release|x86.Build.0 = Release|Win32
		{824C9C13-5C53-42CB-B29D-850D181090FB}.Debug|Any CPU.ActiveCfg = Debug|Any CPU
		{824C9C13-5C53-42CB-B29D-850D181090FB}.Debug|Any CPU.Build.0 = Debug|Any CPU
		{824C9C13-5C53-42CB-B29D-850D181090FB}.Debug|x64.ActiveCfg = Debug|Any CPU
		{824C9C13-5C53-42CB-B29D-850D181090FB}.Debug|x64.Build.0 = Debug|Any CPU
		{824C9C13-5C53-42CB-B29D-850D181090FB}.Debug|x86.ActiveCfg = Debug|Any CPU
		{824C9C13-5C53-42CB-B29D-850D181090FB}.Debug|x86.Build.0 = Debug|Any CPU
		{824C9C13-5C53-42CB-B29D-850D181090FB}.Release|Any CPU.ActiveCfg = Release|Any CPU
		{824C9C13-5C53-42CB-B29D-850D181090FB}.Release|Any CPU.Build.0 = Release|Any CPU
		{824C9C13-5C53-42CB-B29D-850D181090FB}.Release|x64.ActiveCfg = Release|Any CPU
		{824C9C13-5C53-42CB-B29D-850D181090FB}.Release|x64.Build.0 = Release|Any CPU
		{824C9C13-5C53-42CB-B29D-850D181090FB}.Release|x86.ActiveCfg = Release|Any CPU
		{824C9C13-5C53-42CB-B29D-850D181090FB}.Release|x86.Build.0 = Release|Any CPU
		{F42861B6-39B8-4017-8E83-4DCD334E5351}.Debug|Any CPU.ActiveCfg = Debug|Any CPU
		{F42861B6-39B8-4017-8E83-4DCD334E5351}.Debug|Any CPU.Build.0 = Debug|Any CPU
		{F42861B6-39B8-4017-8E83-4DCD334E5351}.Debug|x64.ActiveCfg = Debug|Any CPU
		{F42861B6-39B8-4017-8E83-4DCD334E5351}.Debug|x64.Build.0 = Debug|Any CPU
		{F42861B6-39B8-4017-8E83-4DCD334E5351}.Debug|x86.ActiveCfg = Debug|Any CPU
		{F42861B6-39B8-4017-8E83-4DCD334E5351}.Debug|x86.Build.0 = Debug|Any CPU
		{F42861B6-39B8-4017-8E83-4DCD334E5351}.Release|Any CPU.ActiveCfg = Release|Any CPU
		{F42861B6-39B8-4017-8E83-4DCD334E5351}.Release|Any CPU.Build.0 = Release|Any CPU
		{F42861B6-39B8-4017-8E83-4DCD334E5351}.Release|x64.ActiveCfg = Release|Any CPU
		{F42861B6-39B8-4017-8E83-4DCD334E5351}.Release|x64.Build.0 = Release|Any CPU
		{F42861B6-39B8-4017-8E83-4DCD334E5351}.Release|x86.ActiveCfg = Release|Any CPU
		{F42861B6-39B8-4017-8E83-4DCD334E5351}.Release|x86.Build.0 = Release|Any CPU
		{0EB1A426-2C9F-432B-BF3D-966D3F31BD99}.Debug|Any CPU.ActiveCfg = Debug|Any CPU
		{0EB1A426-2C9F-432B-BF3D-966D3F31BD99}.Debug|Any CPU.Build.0 = Debug|Any CPU
		{0EB1A426-2C9F-432B-BF3D-966D3F31BD99}.Debug|x64.ActiveCfg = Debug|Any CPU
		{0EB1A426-2C9F-432B-BF3D-966D3F31BD99}.Debug|x64.Build.0 = Debug|Any CPU
		{0EB1A426-2C9F-432B-BF3D-966D3F31BD99}.Debug|x86.ActiveCfg = Debug|Any CPU
		{0EB1A426-2C9F-432B-BF3D-966D3F31BD99}.Debug|x86.Build.0 = Debug|Any CPU
		{0EB1A426-2C9F-432B-BF3D-966D3F31BD99}.Release|Any CPU.ActiveCfg = Release|Any CPU
		{0EB1A426-2C9F-432B-BF3D-966D3F31BD99}.Release|Any CPU.Build.0 = Release|Any CPU
		{0EB1A426-2C9F-432B-BF3D-966D3F31BD99}.Release|x64.ActiveCfg = Release|Any CPU
		{0EB1A426-2C9F-432B-BF3D-966D3F31BD99}.Release|x64.Build.0 = Release|Any CPU
		{0EB1A426-2C9F-432B-BF3D-966D3F31BD99}.Release|x86.ActiveCfg = Release|Any CPU
		{0EB1A426-2C9F-432B-BF3D-966D3F31BD99}.Release|x86.Build.0 = Release|Any CPU
		{F00A7221-B247-46EF-A3D2-50A86CFFF10E}.Debug|Any CPU.ActiveCfg = Debug|Any CPU
		{F00A7221-B247-46EF-A3D2-50A86CFFF10E}.Debug|Any CPU.Build.0 = Debug|Any CPU
		{F00A7221-B247-46EF-A3D2-50A86CFFF10E}.Debug|x64.ActiveCfg = Debug|Any CPU
		{F00A7221-B247-46EF-A3D2-50A86CFFF10E}.Debug|x64.Build.0 = Debug|Any CPU
		{F00A7221-B247-46EF-A3D2-50A86CFFF10E}.Debug|x86.ActiveCfg = Debug|Any CPU
		{F00A7221-B247-46EF-A3D2-50A86CFFF10E}.Debug|x86.Build.0 = Debug|Any CPU
		{F00A7221-B247-46EF-A3D2-50A86CFFF10E}.Release|Any CPU.ActiveCfg = Release|Any CPU
		{F00A7221-B247-46EF-A3D2-50A86CFFF10E}.Release|Any CPU.Build.0 = Release|Any CPU
		{F00A7221-B247-46EF-A3D2-50A86CFFF10E}.Release|x64.ActiveCfg = Release|Any CPU
		{F00A7221-B247-46EF-A3D2-50A86CFFF10E}.Release|x64.Build.0 = Release|Any CPU
		{F00A7221-B247-46EF-A3D2-50A86CFFF10E}.Release|x86.ActiveCfg = Release|Any CPU
		{F00A7221-B247-46EF-A3D2-50A86CFFF10E}.Release|x86.Build.0 = Release|Any CPU
		{4AAFD4D4-85A1-4004-AEB1-FD85FF3B1651}.Debug|Any CPU.ActiveCfg = Debug|Any CPU
		{4AAFD4D4-85A1-4004-AEB1-FD85FF3B1651}.Debug|Any CPU.Build.0 = Debug|Any CPU
		{4AAFD4D4-85A1-4004-AEB1-FD85FF3B1651}.Debug|x64.ActiveCfg = Debug|Any CPU
		{4AAFD4D4-85A1-4004-AEB1-FD85FF3B1651}.Debug|x64.Build.0 = Debug|Any CPU
		{4AAFD4D4-85A1-4004-AEB1-FD85FF3B1651}.Debug|x86.ActiveCfg = Debug|Any CPU
		{4AAFD4D4-85A1-4004-AEB1-FD85FF3B1651}.Debug|x86.Build.0 = Debug|Any CPU
		{4AAFD4D4-85A1-4004-AEB1-FD85FF3B1651}.Release|Any CPU.ActiveCfg = Release|Any CPU
		{4AAFD4D4-85A1-4004-AEB1-FD85FF3B1651}.Release|Any CPU.Build.0 = Release|Any CPU
		{4AAFD4D4-85A1-4004-AEB1-FD85FF3B1651}.Release|x64.ActiveCfg = Release|Any CPU
		{4AAFD4D4-85A1-4004-AEB1-FD85FF3B1651}.Release|x64.Build.0 = Release|Any CPU
		{4AAFD4D4-85A1-4004-AEB1-FD85FF3B1651}.Release|x86.ActiveCfg = Release|Any CPU
		{4AAFD4D4-85A1-4004-AEB1-FD85FF3B1651}.Release|x86.Build.0 = Release|Any CPU
	EndGlobalSection
	GlobalSection(SolutionProperties) = preSolution
		HideSolutionNode = FALSE
	EndGlobalSection
EndGlobal
